
Microsoft Visual Studio Solution File, Format Version 12.00
# Visual Studio 15
VisualStudioVersion = 15.0.28307.271
MinimumVisualStudioVersion = 10.0.40219.1
Project("{9A19103F-16F7-4668-BE54-9A1E7A4F7556}") = "LogBins", "LogBins\LogBins.csproj", "{BE0D2C40-B4F7-40A3-A842-57158C78699D}"
EndProject
Project("{9A19103F-16F7-4668-BE54-9A1E7A4F7556}") = "LogBins.ZipBuckets", "LogBins.ZipBuckets\LogBins.ZipBuckets.csproj", "{30DEFD66-8593-4A97-8BA2-626D08FC267B}"
EndProject
Project("{9A19103F-16F7-4668-BE54-9A1E7A4F7556}") = "LogBins.RunTests", "LogBins.RunTests\LogBins.RunTests.csproj", "{4DFA9057-A5DF-45DA-9C70-92B3852033E6}"
EndProject
Project("{9A19103F-16F7-4668-BE54-9A1E7A4F7556}") = "LogBins.Simple", "LogBins.Simple\LogBins.Simple.csproj", "{4A2E804E-1D48-4E2E-9D1E-80BF8B5DDC74}"
EndProject
Project("{9A19103F-16F7-4668-BE54-9A1E7A4F7556}") = "LogBins.Tests", "LogBins.Tests\LogBins.Tests.csproj", "{9C8514E1-9F76-4598-973A-F2D0BA440050}"
EndProject
Project("{2150E333-8FDC-42A3-9474-1A3956D46DE8}") = "Core", "Core", "{876FA7BA-D19D-498A-89E2-EA413D23130D}"
EndProject
Project("{2150E333-8FDC-42A3-9474-1A3956D46DE8}") = "ZIP", "ZIP", "{96FFE415-9035-44EB-80F4-CB1D042271C3}"
EndProject
Project("{9A19103F-16F7-4668-BE54-9A1E7A4F7556}") = "LogBins.Structures", "LogBins.Structures\LogBins.Structures.csproj", "{6D1AA99E-9E3B-4608-BA58-EEB82F4477A9}"
EndProject
Project("{2150E333-8FDC-42A3-9474-1A3956D46DE8}") = "Server", "Server", "{0631803F-A5F0-4E6C-A026-9D4333AB82A1}"
EndProject
Project("{9A19103F-16F7-4668-BE54-9A1E7A4F7556}") = "Logs.Server.Core", "Logs.Server.Core\Logs.Server.Core.csproj", "{2C6FC12C-7CCB-470B-9D2C-3BF01349BAF0}"
EndProject
Global
	GlobalSection(SolutionConfigurationPlatforms) = preSolution
		Debug|Any CPU = Debug|Any CPU
		Release|Any CPU = Release|Any CPU
	EndGlobalSection
	GlobalSection(ProjectConfigurationPlatforms) = postSolution
		{BE0D2C40-B4F7-40A3-A842-57158C78699D}.Debug|Any CPU.ActiveCfg = Debug|Any CPU
		{BE0D2C40-B4F7-40A3-A842-57158C78699D}.Debug|Any CPU.Build.0 = Debug|Any CPU
		{BE0D2C40-B4F7-40A3-A842-57158C78699D}.Release|Any CPU.ActiveCfg = Release|Any CPU
		{BE0D2C40-B4F7-40A3-A842-57158C78699D}.Release|Any CPU.Build.0 = Release|Any CPU
		{30DEFD66-8593-4A97-8BA2-626D08FC267B}.Debug|Any CPU.ActiveCfg = Debug|Any CPU
		{30DEFD66-8593-4A97-8BA2-626D08FC267B}.Debug|Any CPU.Build.0 = Debug|Any CPU
		{30DEFD66-8593-4A97-8BA2-626D08FC267B}.Release|Any CPU.ActiveCfg = Release|Any CPU
		{30DEFD66-8593-4A97-8BA2-626D08FC267B}.Release|Any CPU.Build.0 = Release|Any CPU
		{4DFA9057-A5DF-45DA-9C70-92B3852033E6}.Debug|Any CPU.ActiveCfg = Debug|Any CPU
		{4DFA9057-A5DF-45DA-9C70-92B3852033E6}.Debug|Any CPU.Build.0 = Debug|Any CPU
		{4DFA9057-A5DF-45DA-9C70-92B3852033E6}.Release|Any CPU.ActiveCfg = Release|Any CPU
		{4DFA9057-A5DF-45DA-9C70-92B3852033E6}.Release|Any CPU.Build.0 = Release|Any CPU
		{4A2E804E-1D48-4E2E-9D1E-80BF8B5DDC74}.Debug|Any CPU.ActiveCfg = Debug|Any CPU
		{4A2E804E-1D48-4E2E-9D1E-80BF8B5DDC74}.Debug|Any CPU.Build.0 = Debug|Any CPU
		{4A2E804E-1D48-4E2E-9D1E-80BF8B5DDC74}.Release|Any CPU.ActiveCfg = Release|Any CPU
		{4A2E804E-1D48-4E2E-9D1E-80BF8B5DDC74}.Release|Any CPU.Build.0 = Release|Any CPU
		{9C8514E1-9F76-4598-973A-F2D0BA440050}.Debug|Any CPU.ActiveCfg = Debug|Any CPU
		{9C8514E1-9F76-4598-973A-F2D0BA440050}.Debug|Any CPU.Build.0 = Debug|Any CPU
		{9C8514E1-9F76-4598-973A-F2D0BA440050}.Release|Any CPU.ActiveCfg = Release|Any CPU
		{9C8514E1-9F76-4598-973A-F2D0BA440050}.Release|Any CPU.Build.0 = Release|Any CPU
		{6D1AA99E-9E3B-4608-BA58-EEB82F4477A9}.Debug|Any CPU.ActiveCfg = Debug|Any CPU
		{6D1AA99E-9E3B-4608-BA58-EEB82F4477A9}.Debug|Any CPU.Build.0 = Debug|Any CPU
		{6D1AA99E-9E3B-4608-BA58-EEB82F4477A9}.Release|Any CPU.ActiveCfg = Release|Any CPU
		{6D1AA99E-9E3B-4608-BA58-EEB82F4477A9}.Release|Any CPU.Build.0 = Release|Any CPU
		{2C6FC12C-7CCB-470B-9D2C-3BF01349BAF0}.Debug|Any CPU.ActiveCfg = Debug|Any CPU
		{2C6FC12C-7CCB-470B-9D2C-3BF01349BAF0}.Debug|Any CPU.Build.0 = Debug|Any CPU
		{2C6FC12C-7CCB-470B-9D2C-3BF01349BAF0}.Release|Any CPU.ActiveCfg = Release|Any CPU
		{2C6FC12C-7CCB-470B-9D2C-3BF01349BAF0}.Release|Any CPU.Build.0 = Release|Any CPU
	EndGlobalSection
	GlobalSection(SolutionProperties) = preSolution
		HideSolutionNode = FALSE
	EndGlobalSection
	GlobalSection(NestedProjects) = preSolution
		{BE0D2C40-B4F7-40A3-A842-57158C78699D} = {876FA7BA-D19D-498A-89E2-EA413D23130D}
		{30DEFD66-8593-4A97-8BA2-626D08FC267B} = {96FFE415-9035-44EB-80F4-CB1D042271C3}
		{4A2E804E-1D48-4E2E-9D1E-80BF8B5DDC74} = {876FA7BA-D19D-498A-89E2-EA413D23130D}
		{6D1AA99E-9E3B-4608-BA58-EEB82F4477A9} = {876FA7BA-D19D-498A-89E2-EA413D23130D}
		{2C6FC12C-7CCB-470B-9D2C-3BF01349BAF0} = {0631803F-A5F0-4E6C-A026-9D4333AB82A1}
	EndGlobalSection
	GlobalSection(ExtensibilityGlobals) = postSolution
		SolutionGuid = {4D03D192-C614-4D13-8540-24C5779ECAE2}
	EndGlobalSection
EndGlobal
